
Microsoft Visual Studio Solution File, Format Version 12.00
# Visual Studio 14
VisualStudioVersion = 14.0.25420.1
MinimumVisualStudioVersion = 10.0.40219.1
Project("{8BB2217D-0F2D-49D1-97BC-3654ED321F3B}") = "NTwitch.Core", "src\NTwitch.Core\NTwitch.Core.xproj", "{39057A64-A18A-4559-B0CB-9384B364671B}"
EndProject
Project("{8BB2217D-0F2D-49D1-97BC-3654ED321F3B}") = "NTwitch.Rest", "src\NTwitch.Rest\NTwitch.Rest.xproj", "{218BC111-FC6F-4EFE-ACC1-26B96D66C263}"
EndProject
Project("{8BB2217D-0F2D-49D1-97BC-3654ED321F3B}") = "NTwitch.Chat", "src\NTwitch.Chat\NTwitch.Chat.xproj", "{F4654C3C-DBF6-425A-8E7F-491C9980D2B0}"
EndProject
Project("{8BB2217D-0F2D-49D1-97BC-3654ED321F3B}") = "NTwitch.PubSub", "src\NTwitch.PubSub\NTwitch.PubSub.xproj", "{97D240ED-383D-49C9-A75C-F18A4514422C}"
EndProject
Project("{8BB2217D-0F2D-49D1-97BC-3654ED321F3B}") = "NTwitch.Tests", "tests\NTwitch.Tests\NTwitch.Tests.xproj", "{C0E9A312-D4FF-4630-96FB-518C58C4CEE7}"
EndProject
Project("{8BB2217D-0F2D-49D1-97BC-3654ED321F3B}") = "NTwitch", "src\NTwitch\NTwitch.xproj", "{DFA68BD7-172B-4450-94EA-688378349960}"
EndProject
Global
	GlobalSection(SolutionConfigurationPlatforms) = preSolution
		Debug|Any CPU = Debug|Any CPU
		Release|Any CPU = Release|Any CPU
	EndGlobalSection
	GlobalSection(ProjectConfigurationPlatforms) = postSolution
		{39057A64-A18A-4559-B0CB-9384B364671B}.Debug|Any CPU.ActiveCfg = Debug|Any CPU
		{39057A64-A18A-4559-B0CB-9384B364671B}.Debug|Any CPU.Build.0 = Debug|Any CPU
		{39057A64-A18A-4559-B0CB-9384B364671B}.Release|Any CPU.ActiveCfg = Release|Any CPU
		{39057A64-A18A-4559-B0CB-9384B364671B}.Release|Any CPU.Build.0 = Release|Any CPU
		{218BC111-FC6F-4EFE-ACC1-26B96D66C263}.Debug|Any CPU.ActiveCfg = Debug|Any CPU
		{218BC111-FC6F-4EFE-ACC1-26B96D66C263}.Debug|Any CPU.Build.0 = Debug|Any CPU
		{218BC111-FC6F-4EFE-ACC1-26B96D66C263}.Release|Any CPU.ActiveCfg = Release|Any CPU
		{218BC111-FC6F-4EFE-ACC1-26B96D66C263}.Release|Any CPU.Build.0 = Release|Any CPU
		{F4654C3C-DBF6-425A-8E7F-491C9980D2B0}.Debug|Any CPU.ActiveCfg = Debug|Any CPU
		{F4654C3C-DBF6-425A-8E7F-491C9980D2B0}.Debug|Any CPU.Build.0 = Debug|Any CPU
		{F4654C3C-DBF6-425A-8E7F-491C9980D2B0}.Release|Any CPU.ActiveCfg = Release|Any CPU
		{F4654C3C-DBF6-425A-8E7F-491C9980D2B0}.Release|Any CPU.Build.0 = Release|Any CPU
		{97D240ED-383D-49C9-A75C-F18A4514422C}.Debug|Any CPU.ActiveCfg = Debug|Any CPU
		{97D240ED-383D-49C9-A75C-F18A4514422C}.Debug|Any CPU.Build.0 = Debug|Any CPU
		{97D240ED-383D-49C9-A75C-F18A4514422C}.Release|Any CPU.ActiveCfg = Release|Any CPU
		{97D240ED-383D-49C9-A75C-F18A4514422C}.Release|Any CPU.Build.0 = Release|Any CPU
		{C0E9A312-D4FF-4630-96FB-518C58C4CEE7}.Debug|Any CPU.ActiveCfg = Debug|Any CPU
		{C0E9A312-D4FF-4630-96FB-518C58C4CEE7}.Debug|Any CPU.Build.0 = Debug|Any CPU
		{C0E9A312-D4FF-4630-96FB-518C58C4CEE7}.Release|Any CPU.ActiveCfg = Release|Any CPU
		{C0E9A312-D4FF-4630-96FB-518C58C4CEE7}.Release|Any CPU.Build.0 = Release|Any CPU
		{DFA68BD7-172B-4450-94EA-688378349960}.Debug|Any CPU.ActiveCfg = Debug|Any CPU
		{DFA68BD7-172B-4450-94EA-688378349960}.Debug|Any CPU.Build.0 = Debug|Any CPU
		{DFA68BD7-172B-4450-94EA-688378349960}.Release|Any CPU.ActiveCfg = Release|Any CPU
		{DFA68BD7-172B-4450-94EA-688378349960}.Release|Any CPU.Build.0 = Release|Any CPU
	EndGlobalSection
	GlobalSection(SolutionProperties) = preSolution
		HideSolutionNode = FALSE
	EndGlobalSection
EndGlobal
