
Microsoft Visual Studio Solution File, Format Version 12.00
# Visual Studio 15
VisualStudioVersion = 15.0.26020.0
MinimumVisualStudioVersion = 10.0.40219.1
Project("{FAE04EC0-301F-11D3-BF4B-00C04F79EFBC}") = "NTwitch.Chat", "src\NTwitch.Chat\NTwitch.Chat.csproj", "{FD0D6F6B-332E-4831-A4F4-DED317B09756}"
EndProject
Project("{FAE04EC0-301F-11D3-BF4B-00C04F79EFBC}") = "NTwitch", "src\NTwitch\NTwitch.csproj", "{053CD8AD-8962-4563-AEAD-8A8A202B925E}"
EndProject
Project("{FAE04EC0-301F-11D3-BF4B-00C04F79EFBC}") = "NTwitch.Core", "src\NTwitch.Core\NTwitch.Core.csproj", "{51D703DA-ECB4-4E62-BD01-92742A6F98AB}"
EndProject
Project("{FAE04EC0-301F-11D3-BF4B-00C04F79EFBC}") = "NTwitch.Rest", "src\NTwitch.Rest\NTwitch.Rest.csproj", "{A0E39F2D-A647-4553-8327-E211E267781F}"
EndProject
Project("{2150E333-8FDC-42A3-9474-1A3956D46DE8}") = "src", "src", "{1A768625-C9D2-42F7-A777-9515BC096716}"
EndProject
Project("{2150E333-8FDC-42A3-9474-1A3956D46DE8}") = "tests", "tests", "{38D9000C-3CB5-4AF9-8778-C5E54B05021E}"
EndProject
Project("{FAE04EC0-301F-11D3-BF4B-00C04F79EFBC}") = "NTwitch.Tests", "tests\NTwitch.Tests\NTwitch.Tests.csproj", "{A54735F1-B128-4964-BFE3-2F4B677D4E94}"
EndProject
Project("{FAE04EC0-301F-11D3-BF4B-00C04F79EFBC}") = "NTwitch.Pubsub", "src\NTwitch.Pubsub\NTwitch.Pubsub.csproj", "{C66EBEBD-ACD1-41E0-856C-F6346FBD009C}"
EndProject
Global
	GlobalSection(SolutionConfigurationPlatforms) = preSolution
		Debug|Any CPU = Debug|Any CPU
		Debug|x64 = Debug|x64
		Debug|x86 = Debug|x86
		Release|Any CPU = Release|Any CPU
		Release|x64 = Release|x64
		Release|x86 = Release|x86
	EndGlobalSection
	GlobalSection(ProjectConfigurationPlatforms) = postSolution
		{FD0D6F6B-332E-4831-A4F4-DED317B09756}.Debug|Any CPU.ActiveCfg = Debug|Any CPU
		{FD0D6F6B-332E-4831-A4F4-DED317B09756}.Debug|Any CPU.Build.0 = Debug|Any CPU
		{FD0D6F6B-332E-4831-A4F4-DED317B09756}.Debug|x64.ActiveCfg = Debug|x64
		{FD0D6F6B-332E-4831-A4F4-DED317B09756}.Debug|x64.Build.0 = Debug|x64
		{FD0D6F6B-332E-4831-A4F4-DED317B09756}.Debug|x86.ActiveCfg = Debug|x86
		{FD0D6F6B-332E-4831-A4F4-DED317B09756}.Debug|x86.Build.0 = Debug|x86
		{FD0D6F6B-332E-4831-A4F4-DED317B09756}.Release|Any CPU.ActiveCfg = Release|Any CPU
		{FD0D6F6B-332E-4831-A4F4-DED317B09756}.Release|Any CPU.Build.0 = Release|Any CPU
		{FD0D6F6B-332E-4831-A4F4-DED317B09756}.Release|x64.ActiveCfg = Release|x64
		{FD0D6F6B-332E-4831-A4F4-DED317B09756}.Release|x64.Build.0 = Release|x64
		{FD0D6F6B-332E-4831-A4F4-DED317B09756}.Release|x86.ActiveCfg = Release|x86
		{FD0D6F6B-332E-4831-A4F4-DED317B09756}.Release|x86.Build.0 = Release|x86
		{053CD8AD-8962-4563-AEAD-8A8A202B925E}.Debug|Any CPU.ActiveCfg = Debug|Any CPU
		{053CD8AD-8962-4563-AEAD-8A8A202B925E}.Debug|Any CPU.Build.0 = Debug|Any CPU
		{053CD8AD-8962-4563-AEAD-8A8A202B925E}.Debug|x64.ActiveCfg = Debug|x64
		{053CD8AD-8962-4563-AEAD-8A8A202B925E}.Debug|x64.Build.0 = Debug|x64
		{053CD8AD-8962-4563-AEAD-8A8A202B925E}.Debug|x86.ActiveCfg = Debug|x86
		{053CD8AD-8962-4563-AEAD-8A8A202B925E}.Debug|x86.Build.0 = Debug|x86
		{053CD8AD-8962-4563-AEAD-8A8A202B925E}.Release|Any CPU.ActiveCfg = Release|Any CPU
		{053CD8AD-8962-4563-AEAD-8A8A202B925E}.Release|Any CPU.Build.0 = Release|Any CPU
		{053CD8AD-8962-4563-AEAD-8A8A202B925E}.Release|x64.ActiveCfg = Release|x64
		{053CD8AD-8962-4563-AEAD-8A8A202B925E}.Release|x64.Build.0 = Release|x64
		{053CD8AD-8962-4563-AEAD-8A8A202B925E}.Release|x86.ActiveCfg = Release|x86
		{053CD8AD-8962-4563-AEAD-8A8A202B925E}.Release|x86.Build.0 = Release|x86
		{51D703DA-ECB4-4E62-BD01-92742A6F98AB}.Debug|Any CPU.ActiveCfg = Debug|Any CPU
		{51D703DA-ECB4-4E62-BD01-92742A6F98AB}.Debug|Any CPU.Build.0 = Debug|Any CPU
		{51D703DA-ECB4-4E62-BD01-92742A6F98AB}.Debug|x64.ActiveCfg = Debug|x64
		{51D703DA-ECB4-4E62-BD01-92742A6F98AB}.Debug|x64.Build.0 = Debug|x64
		{51D703DA-ECB4-4E62-BD01-92742A6F98AB}.Debug|x86.ActiveCfg = Debug|x86
		{51D703DA-ECB4-4E62-BD01-92742A6F98AB}.Debug|x86.Build.0 = Debug|x86
		{51D703DA-ECB4-4E62-BD01-92742A6F98AB}.Release|Any CPU.ActiveCfg = Release|Any CPU
		{51D703DA-ECB4-4E62-BD01-92742A6F98AB}.Release|Any CPU.Build.0 = Release|Any CPU
		{51D703DA-ECB4-4E62-BD01-92742A6F98AB}.Release|x64.ActiveCfg = Release|x64
		{51D703DA-ECB4-4E62-BD01-92742A6F98AB}.Release|x64.Build.0 = Release|x64
		{51D703DA-ECB4-4E62-BD01-92742A6F98AB}.Release|x86.ActiveCfg = Release|x86
		{51D703DA-ECB4-4E62-BD01-92742A6F98AB}.Release|x86.Build.0 = Release|x86
		{A0E39F2D-A647-4553-8327-E211E267781F}.Debug|Any CPU.ActiveCfg = Debug|Any CPU
		{A0E39F2D-A647-4553-8327-E211E267781F}.Debug|Any CPU.Build.0 = Debug|Any CPU
		{A0E39F2D-A647-4553-8327-E211E267781F}.Debug|x64.ActiveCfg = Debug|x64
		{A0E39F2D-A647-4553-8327-E211E267781F}.Debug|x64.Build.0 = Debug|x64
		{A0E39F2D-A647-4553-8327-E211E267781F}.Debug|x86.ActiveCfg = Debug|x86
		{A0E39F2D-A647-4553-8327-E211E267781F}.Debug|x86.Build.0 = Debug|x86
		{A0E39F2D-A647-4553-8327-E211E267781F}.Release|Any CPU.ActiveCfg = Release|Any CPU
		{A0E39F2D-A647-4553-8327-E211E267781F}.Release|Any CPU.Build.0 = Release|Any CPU
		{A0E39F2D-A647-4553-8327-E211E267781F}.Release|x64.ActiveCfg = Release|x64
		{A0E39F2D-A647-4553-8327-E211E267781F}.Release|x64.Build.0 = Release|x64
		{A0E39F2D-A647-4553-8327-E211E267781F}.Release|x86.ActiveCfg = Release|x86
		{A0E39F2D-A647-4553-8327-E211E267781F}.Release|x86.Build.0 = Release|x86
		{A54735F1-B128-4964-BFE3-2F4B677D4E94}.Debug|Any CPU.ActiveCfg = Debug|Any CPU
		{A54735F1-B128-4964-BFE3-2F4B677D4E94}.Debug|Any CPU.Build.0 = Debug|Any CPU
		{A54735F1-B128-4964-BFE3-2F4B677D4E94}.Debug|x64.ActiveCfg = Debug|x64
		{A54735F1-B128-4964-BFE3-2F4B677D4E94}.Debug|x64.Build.0 = Debug|x64
		{A54735F1-B128-4964-BFE3-2F4B677D4E94}.Debug|x86.ActiveCfg = Debug|x86
		{A54735F1-B128-4964-BFE3-2F4B677D4E94}.Debug|x86.Build.0 = Debug|x86
		{A54735F1-B128-4964-BFE3-2F4B677D4E94}.Release|Any CPU.ActiveCfg = Release|Any CPU
		{A54735F1-B128-4964-BFE3-2F4B677D4E94}.Release|Any CPU.Build.0 = Release|Any CPU
		{A54735F1-B128-4964-BFE3-2F4B677D4E94}.Release|x64.ActiveCfg = Release|x64
		{A54735F1-B128-4964-BFE3-2F4B677D4E94}.Release|x64.Build.0 = Release|x64
		{A54735F1-B128-4964-BFE3-2F4B677D4E94}.Release|x86.ActiveCfg = Release|x86
		{A54735F1-B128-4964-BFE3-2F4B677D4E94}.Release|x86.Build.0 = Release|x86
		{C66EBEBD-ACD1-41E0-856C-F6346FBD009C}.Debug|Any CPU.ActiveCfg = Debug|Any CPU
		{C66EBEBD-ACD1-41E0-856C-F6346FBD009C}.Debug|Any CPU.Build.0 = Debug|Any CPU
		{C66EBEBD-ACD1-41E0-856C-F6346FBD009C}.Debug|x64.ActiveCfg = Debug|x64
		{C66EBEBD-ACD1-41E0-856C-F6346FBD009C}.Debug|x64.Build.0 = Debug|x64
		{C66EBEBD-ACD1-41E0-856C-F6346FBD009C}.Debug|x86.ActiveCfg = Debug|x86
		{C66EBEBD-ACD1-41E0-856C-F6346FBD009C}.Debug|x86.Build.0 = Debug|x86
		{C66EBEBD-ACD1-41E0-856C-F6346FBD009C}.Release|Any CPU.ActiveCfg = Release|Any CPU
		{C66EBEBD-ACD1-41E0-856C-F6346FBD009C}.Release|Any CPU.Build.0 = Release|Any CPU
		{C66EBEBD-ACD1-41E0-856C-F6346FBD009C}.Release|x64.ActiveCfg = Release|x64
		{C66EBEBD-ACD1-41E0-856C-F6346FBD009C}.Release|x64.Build.0 = Release|x64
		{C66EBEBD-ACD1-41E0-856C-F6346FBD009C}.Release|x86.ActiveCfg = Release|x86
		{C66EBEBD-ACD1-41E0-856C-F6346FBD009C}.Release|x86.Build.0 = Release|x86
	EndGlobalSection
	GlobalSection(SolutionProperties) = preSolution
		HideSolutionNode = FALSE
	EndGlobalSection
	GlobalSection(NestedProjects) = preSolution
		{FD0D6F6B-332E-4831-A4F4-DED317B09756} = {1A768625-C9D2-42F7-A777-9515BC096716}
		{053CD8AD-8962-4563-AEAD-8A8A202B925E} = {1A768625-C9D2-42F7-A777-9515BC096716}
		{51D703DA-ECB4-4E62-BD01-92742A6F98AB} = {1A768625-C9D2-42F7-A777-9515BC096716}
		{A0E39F2D-A647-4553-8327-E211E267781F} = {1A768625-C9D2-42F7-A777-9515BC096716}
		{A54735F1-B128-4964-BFE3-2F4B677D4E94} = {38D9000C-3CB5-4AF9-8778-C5E54B05021E}
		{C66EBEBD-ACD1-41E0-856C-F6346FBD009C} = {1A768625-C9D2-42F7-A777-9515BC096716}
	EndGlobalSection
EndGlobal
