
Microsoft Visual Studio Solution File, Format Version 12.00
# Visual Studio 15
VisualStudioVersion = 15.0.26228.9
MinimumVisualStudioVersion = 10.0.40219.1
Project("{9A19103F-16F7-4668-BE54-9A1E7A4F7556}") = "NTwitch", "src\NTwitch\NTwitch.csproj", "{1CF821DC-8500-4A52-81C2-A8C98F88B453}"
EndProject
Project("{FAE04EC0-301F-11D3-BF4B-00C04F79EFBC}") = "NTwitch.Core", "src\NTwitch.Core\NTwitch.Core.csproj", "{EB9DAD6D-DC5E-4A0A-985A-06FB6992A878}"
EndProject
Project("{FAE04EC0-301F-11D3-BF4B-00C04F79EFBC}") = "NTwitch.Rest", "src\NTwitch.Rest\NTwitch.Rest.csproj", "{C5805534-11A6-41FB-B594-2C5F8E89361D}"
EndProject
Project("{2150E333-8FDC-42A3-9474-1A3956D46DE8}") = "tests", "tests", "{53879A91-FB4C-4A04-B26D-DD2F0CD2EA55}"
EndProject
Project("{9A19103F-16F7-4668-BE54-9A1E7A4F7556}") = "NTwitch.Tests", "tests\NTwitch.Tests\NTwitch.Tests.csproj", "{0D0BAD04-28C1-48E7-8F64-533E774A362E}"
EndProject
Project("{FAE04EC0-301F-11D3-BF4B-00C04F79EFBC}") = "NTwitch.Chat", "src\NTwitch.Chat\NTwitch.Chat.csproj", "{B5AE8356-C1DC-4AA0-A131-03E57EC3C2CA}"
EndProject
Project("{FAE04EC0-301F-11D3-BF4B-00C04F79EFBC}") = "NTwitch.Pubsub", "src\NTwitch.Pubsub\NTwitch.Pubsub.csproj", "{12AB9B7C-AE54-4678-8024-89701E476283}"
EndProject
Global
	GlobalSection(SolutionConfigurationPlatforms) = preSolution
		Debug|Any CPU = Debug|Any CPU
		Release|Any CPU = Release|Any CPU
	EndGlobalSection
	GlobalSection(ProjectConfigurationPlatforms) = postSolution
		{1CF821DC-8500-4A52-81C2-A8C98F88B453}.Debug|Any CPU.ActiveCfg = Debug|Any CPU
		{1CF821DC-8500-4A52-81C2-A8C98F88B453}.Debug|Any CPU.Build.0 = Debug|Any CPU
		{1CF821DC-8500-4A52-81C2-A8C98F88B453}.Release|Any CPU.ActiveCfg = Release|Any CPU
		{1CF821DC-8500-4A52-81C2-A8C98F88B453}.Release|Any CPU.Build.0 = Release|Any CPU
		{EB9DAD6D-DC5E-4A0A-985A-06FB6992A878}.Debug|Any CPU.ActiveCfg = Debug|Any CPU
		{EB9DAD6D-DC5E-4A0A-985A-06FB6992A878}.Debug|Any CPU.Build.0 = Debug|Any CPU
		{EB9DAD6D-DC5E-4A0A-985A-06FB6992A878}.Release|Any CPU.ActiveCfg = Release|Any CPU
		{EB9DAD6D-DC5E-4A0A-985A-06FB6992A878}.Release|Any CPU.Build.0 = Release|Any CPU
		{C5805534-11A6-41FB-B594-2C5F8E89361D}.Debug|Any CPU.ActiveCfg = Debug|Any CPU
		{C5805534-11A6-41FB-B594-2C5F8E89361D}.Debug|Any CPU.Build.0 = Debug|Any CPU
		{C5805534-11A6-41FB-B594-2C5F8E89361D}.Release|Any CPU.ActiveCfg = Release|Any CPU
		{C5805534-11A6-41FB-B594-2C5F8E89361D}.Release|Any CPU.Build.0 = Release|Any CPU
		{0D0BAD04-28C1-48E7-8F64-533E774A362E}.Debug|Any CPU.ActiveCfg = Debug|Any CPU
		{0D0BAD04-28C1-48E7-8F64-533E774A362E}.Debug|Any CPU.Build.0 = Debug|Any CPU
		{0D0BAD04-28C1-48E7-8F64-533E774A362E}.Release|Any CPU.ActiveCfg = Release|Any CPU
		{0D0BAD04-28C1-48E7-8F64-533E774A362E}.Release|Any CPU.Build.0 = Release|Any CPU
		{B5AE8356-C1DC-4AA0-A131-03E57EC3C2CA}.Debug|Any CPU.ActiveCfg = Debug|Any CPU
		{B5AE8356-C1DC-4AA0-A131-03E57EC3C2CA}.Debug|Any CPU.Build.0 = Debug|Any CPU
		{B5AE8356-C1DC-4AA0-A131-03E57EC3C2CA}.Release|Any CPU.ActiveCfg = Release|Any CPU
		{B5AE8356-C1DC-4AA0-A131-03E57EC3C2CA}.Release|Any CPU.Build.0 = Release|Any CPU
		{12AB9B7C-AE54-4678-8024-89701E476283}.Debug|Any CPU.ActiveCfg = Debug|Any CPU
		{12AB9B7C-AE54-4678-8024-89701E476283}.Debug|Any CPU.Build.0 = Debug|Any CPU
		{12AB9B7C-AE54-4678-8024-89701E476283}.Release|Any CPU.ActiveCfg = Release|Any CPU
		{12AB9B7C-AE54-4678-8024-89701E476283}.Release|Any CPU.Build.0 = Release|Any CPU
	EndGlobalSection
	GlobalSection(SolutionProperties) = preSolution
		HideSolutionNode = FALSE
	EndGlobalSection
	GlobalSection(NestedProjects) = preSolution
		{0D0BAD04-28C1-48E7-8F64-533E774A362E} = {53879A91-FB4C-4A04-B26D-DD2F0CD2EA55}
	EndGlobalSection
EndGlobal
