
Microsoft Visual Studio Solution File, Format Version 12.00
# Visual Studio 14
VisualStudioVersion = 14.0.25420.1
MinimumVisualStudioVersion = 10.0.40219.1
Project("{8BB2217D-0F2D-49D1-97BC-3654ED321F3B}") = "Twitch.Net", "src\Twitch.Net\Twitch.Net.xproj", "{B2C0241D-6DD4-4314-8156-5E06D201400F}"
EndProject
Project("{8BB2217D-0F2D-49D1-97BC-3654ED321F3B}") = "Twitch.Net.Rest", "src\Twitch.Net.Rest\Twitch.Net.Rest.xproj", "{BA87DD2B-E14B-4E9A-B894-6A52EC6A755A}"
EndProject
Project("{8BB2217D-0F2D-49D1-97BC-3654ED321F3B}") = "Twitch.Net.Chat", "src\Twitch.Net.Chat\Twitch.Net.Chat.xproj", "{5BC49AD0-3039-4B01-81D5-869E1C187185}"
EndProject
Project("{8BB2217D-0F2D-49D1-97BC-3654ED321F3B}") = "Twitch.Net.PubSub", "src\Twitch.Net.PubSub\Twitch.Net.PubSub.xproj", "{55B04E52-4151-4AFB-AD9C-D3C576E468A8}"
EndProject
Project("{8BB2217D-0F2D-49D1-97BC-3654ED321F3B}") = "Twitch.Net.Tests", "tests\Twitch.Net.Tests\Twitch.Net.Tests.xproj", "{DB885F62-2E62-48C2-8C61-E105C865A70D}"
EndProject
Global
	GlobalSection(SolutionConfigurationPlatforms) = preSolution
		Debug|Any CPU = Debug|Any CPU
		Release|Any CPU = Release|Any CPU
	EndGlobalSection
	GlobalSection(ProjectConfigurationPlatforms) = postSolution
		{B2C0241D-6DD4-4314-8156-5E06D201400F}.Debug|Any CPU.ActiveCfg = Debug|Any CPU
		{B2C0241D-6DD4-4314-8156-5E06D201400F}.Debug|Any CPU.Build.0 = Debug|Any CPU
		{B2C0241D-6DD4-4314-8156-5E06D201400F}.Release|Any CPU.ActiveCfg = Release|Any CPU
		{B2C0241D-6DD4-4314-8156-5E06D201400F}.Release|Any CPU.Build.0 = Release|Any CPU
		{BA87DD2B-E14B-4E9A-B894-6A52EC6A755A}.Debug|Any CPU.ActiveCfg = Debug|Any CPU
		{BA87DD2B-E14B-4E9A-B894-6A52EC6A755A}.Debug|Any CPU.Build.0 = Debug|Any CPU
		{BA87DD2B-E14B-4E9A-B894-6A52EC6A755A}.Release|Any CPU.ActiveCfg = Release|Any CPU
		{BA87DD2B-E14B-4E9A-B894-6A52EC6A755A}.Release|Any CPU.Build.0 = Release|Any CPU
		{5BC49AD0-3039-4B01-81D5-869E1C187185}.Debug|Any CPU.ActiveCfg = Debug|Any CPU
		{5BC49AD0-3039-4B01-81D5-869E1C187185}.Debug|Any CPU.Build.0 = Debug|Any CPU
		{5BC49AD0-3039-4B01-81D5-869E1C187185}.Release|Any CPU.ActiveCfg = Release|Any CPU
		{5BC49AD0-3039-4B01-81D5-869E1C187185}.Release|Any CPU.Build.0 = Release|Any CPU
		{55B04E52-4151-4AFB-AD9C-D3C576E468A8}.Debug|Any CPU.ActiveCfg = Debug|Any CPU
		{55B04E52-4151-4AFB-AD9C-D3C576E468A8}.Debug|Any CPU.Build.0 = Debug|Any CPU
		{55B04E52-4151-4AFB-AD9C-D3C576E468A8}.Release|Any CPU.ActiveCfg = Release|Any CPU
		{55B04E52-4151-4AFB-AD9C-D3C576E468A8}.Release|Any CPU.Build.0 = Release|Any CPU
		{DB885F62-2E62-48C2-8C61-E105C865A70D}.Debug|Any CPU.ActiveCfg = Debug|Any CPU
		{DB885F62-2E62-48C2-8C61-E105C865A70D}.Debug|Any CPU.Build.0 = Debug|Any CPU
		{DB885F62-2E62-48C2-8C61-E105C865A70D}.Release|Any CPU.ActiveCfg = Release|Any CPU
		{DB885F62-2E62-48C2-8C61-E105C865A70D}.Release|Any CPU.Build.0 = Release|Any CPU
	EndGlobalSection
	GlobalSection(SolutionProperties) = preSolution
		HideSolutionNode = FALSE
	EndGlobalSection
EndGlobal
